// !$*UTF8*$!
{
	archiveVersion = 1;
	classes = {
	};
	objectVersion = 55;
	objects = {

/* Begin PBXBuildFile section */
		3802E8CB28B74DBE001C7205 /* FirstView.storyboard in Resources */ = {isa = PBXBuildFile; fileRef = 3802E8CA28B74DBE001C7205 /* FirstView.storyboard */; };
		3802E8CF28B74E6C001C7205 /* ListCell.xib in Resources */ = {isa = PBXBuildFile; fileRef = 3802E8CC28B74E6C001C7205 /* ListCell.xib */; };
		3802E8D028B74E6C001C7205 /* ListCell.swift in Sources */ = {isa = PBXBuildFile; fileRef = 3802E8CD28B74E6C001C7205 /* ListCell.swift */; };
		3802E8D128B74E6C001C7205 /* ItemList.swift in Sources */ = {isa = PBXBuildFile; fileRef = 3802E8CE28B74E6C001C7205 /* ItemList.swift */; };
		3871BB10283F79ED00AD6BCC /* AppDelegate.swift in Sources */ = {isa = PBXBuildFile; fileRef = 3871BB0F283F79ED00AD6BCC /* AppDelegate.swift */; };
		3871BB12283F79ED00AD6BCC /* SceneDelegate.swift in Sources */ = {isa = PBXBuildFile; fileRef = 3871BB11283F79ED00AD6BCC /* SceneDelegate.swift */; };
		3871BB14283F79ED00AD6BCC /* FirstViewController.swift in Sources */ = {isa = PBXBuildFile; fileRef = 3871BB13283F79ED00AD6BCC /* FirstViewController.swift */; };
		3871BB19283F79F100AD6BCC /* Assets.xcassets in Resources */ = {isa = PBXBuildFile; fileRef = 3871BB18283F79F100AD6BCC /* Assets.xcassets */; };
		3871BB1C283F79F100AD6BCC /* LaunchScreen.storyboard in Resources */ = {isa = PBXBuildFile; fileRef = 3871BB1A283F79F100AD6BCC /* LaunchScreen.storyboard */; };
		38AB601728C8384500BFD6B0 /* SympleTodolistTests.swift in Sources */ = {isa = PBXBuildFile; fileRef = 38AB601628C8384500BFD6B0 /* SympleTodolistTests.swift */; };
		38D0CF8128BD8EDA0030E78C /* FooterView.xib in Resources */ = {isa = PBXBuildFile; fileRef = 38D0CF8028BD8EDA0030E78C /* FooterView.xib */; };
		38D0CF8328BD900E0030E78C /* FooterView.swift in Sources */ = {isa = PBXBuildFile; fileRef = 38D0CF8228BD900E0030E78C /* FooterView.swift */; };
		60E8412A57BCA9586D97052E /* Pods_symple_todolist.framework in Frameworks */ = {isa = PBXBuildFile; fileRef = 2DB6DD1551177E1DCE775FD4 /* Pods_symple_todolist.framework */; };
/* End PBXBuildFile section */

/* Begin PBXContainerItemProxy section */
		38AB601828C8384500BFD6B0 /* PBXContainerItemProxy */ = {
			isa = PBXContainerItemProxy;
			containerPortal = 3871BB04283F79ED00AD6BCC /* Project object */;
			proxyType = 1;
			remoteGlobalIDString = 3871BB0B283F79ED00AD6BCC;
			remoteInfo = "symple-todolist";
		};
/* End PBXContainerItemProxy section */

/* Begin PBXFileReference section */
		0D484710FDDB3BCA3E1FEAF6 /* Pods-symple-todolist.debug.xcconfig */ = {isa = PBXFileReference; includeInIndex = 1; lastKnownFileType = text.xcconfig; name = "Pods-symple-todolist.debug.xcconfig"; path = "Target Support Files/Pods-symple-todolist/Pods-symple-todolist.debug.xcconfig"; sourceTree = "<group>"; };
		2DB6DD1551177E1DCE775FD4 /* Pods_symple_todolist.framework */ = {isa = PBXFileReference; explicitFileType = wrapper.framework; includeInIndex = 0; path = Pods_symple_todolist.framework; sourceTree = BUILT_PRODUCTS_DIR; };
		3802E8CA28B74DBE001C7205 /* FirstView.storyboard */ = {isa = PBXFileReference; lastKnownFileType = file.storyboard; path = FirstView.storyboard; sourceTree = "<group>"; };
		3802E8CC28B74E6C001C7205 /* ListCell.xib */ = {isa = PBXFileReference; fileEncoding = 4; lastKnownFileType = file.xib; path = ListCell.xib; sourceTree = "<group>"; };
		3802E8CD28B74E6C001C7205 /* ListCell.swift */ = {isa = PBXFileReference; fileEncoding = 4; lastKnownFileType = sourcecode.swift; path = ListCell.swift; sourceTree = "<group>"; };
		3802E8CE28B74E6C001C7205 /* ItemList.swift */ = {isa = PBXFileReference; fileEncoding = 4; lastKnownFileType = sourcecode.swift; path = ItemList.swift; sourceTree = "<group>"; };
		3871BB0C283F79ED00AD6BCC /* symple-todolist.app */ = {isa = PBXFileReference; explicitFileType = wrapper.application; includeInIndex = 0; path = "symple-todolist.app"; sourceTree = BUILT_PRODUCTS_DIR; };
		3871BB0F283F79ED00AD6BCC /* AppDelegate.swift */ = {isa = PBXFileReference; lastKnownFileType = sourcecode.swift; path = AppDelegate.swift; sourceTree = "<group>"; };
		3871BB11283F79ED00AD6BCC /* SceneDelegate.swift */ = {isa = PBXFileReference; lastKnownFileType = sourcecode.swift; path = SceneDelegate.swift; sourceTree = "<group>"; };
		3871BB13283F79ED00AD6BCC /* FirstViewController.swift */ = {isa = PBXFileReference; lastKnownFileType = sourcecode.swift; path = FirstViewController.swift; sourceTree = "<group>"; };
		3871BB18283F79F100AD6BCC /* Assets.xcassets */ = {isa = PBXFileReference; lastKnownFileType = folder.assetcatalog; path = Assets.xcassets; sourceTree = "<group>"; };
		3871BB1B283F79F100AD6BCC /* Base */ = {isa = PBXFileReference; lastKnownFileType = file.storyboard; name = Base; path = Base.lproj/LaunchScreen.storyboard; sourceTree = "<group>"; };
		3871BB1D283F79F100AD6BCC /* Info.plist */ = {isa = PBXFileReference; lastKnownFileType = text.plist.xml; path = Info.plist; sourceTree = "<group>"; };
		38AB601428C8384500BFD6B0 /* symple-todolistTests.xctest */ = {isa = PBXFileReference; explicitFileType = wrapper.cfbundle; includeInIndex = 0; path = "symple-todolistTests.xctest"; sourceTree = BUILT_PRODUCTS_DIR; };
		38AB601628C8384500BFD6B0 /* SympleTodolistTests.swift */ = {isa = PBXFileReference; lastKnownFileType = sourcecode.swift; path = SympleTodolistTests.swift; sourceTree = "<group>"; };
		38D0CF8028BD8EDA0030E78C /* FooterView.xib */ = {isa = PBXFileReference; lastKnownFileType = file.xib; path = FooterView.xib; sourceTree = "<group>"; };
		38D0CF8228BD900E0030E78C /* FooterView.swift */ = {isa = PBXFileReference; lastKnownFileType = sourcecode.swift; path = FooterView.swift; sourceTree = "<group>"; };
		7B525E7FB0D2F7076E839FCA /* Pods-symple-todolist.release.xcconfig */ = {isa = PBXFileReference; includeInIndex = 1; lastKnownFileType = text.xcconfig; name = "Pods-symple-todolist.release.xcconfig"; path = "Target Support Files/Pods-symple-todolist/Pods-symple-todolist.release.xcconfig"; sourceTree = "<group>"; };
/* End PBXFileReference section */

/* Begin PBXFrameworksBuildPhase section */
		3871BB09283F79ED00AD6BCC /* Frameworks */ = {
			isa = PBXFrameworksBuildPhase;
			buildActionMask = 2147483647;
			files = (
				60E8412A57BCA9586D97052E /* Pods_symple_todolist.framework in Frameworks */,
			);
			runOnlyForDeploymentPostprocessing = 0;
		};
		38AB601128C8384500BFD6B0 /* Frameworks */ = {
			isa = PBXFrameworksBuildPhase;
			buildActionMask = 2147483647;
			files = (
			);
			runOnlyForDeploymentPostprocessing = 0;
		};
/* End PBXFrameworksBuildPhase section */

/* Begin PBXGroup section */
		2A67A547F222098EFA1FC449 /* Pods */ = {
			isa = PBXGroup;
			children = (
				0D484710FDDB3BCA3E1FEAF6 /* Pods-symple-todolist.debug.xcconfig */,
				7B525E7FB0D2F7076E839FCA /* Pods-symple-todolist.release.xcconfig */,
			);
			path = Pods;
			sourceTree = "<group>";
		};
		3871BB03283F79ED00AD6BCC = {
			isa = PBXGroup;
			children = (
				3871BB0E283F79ED00AD6BCC /* symple-todolist */,
				38AB601528C8384500BFD6B0 /* symple-todolistTests */,
				3871BB0D283F79ED00AD6BCC /* Products */,
				2A67A547F222098EFA1FC449 /* Pods */,
				C59A794A0AF2BD5D862AE314 /* Frameworks */,
			);
			sourceTree = "<group>";
		};
		3871BB0D283F79ED00AD6BCC /* Products */ = {
			isa = PBXGroup;
			children = (
				3871BB0C283F79ED00AD6BCC /* symple-todolist.app */,
				38AB601428C8384500BFD6B0 /* symple-todolistTests.xctest */,
			);
			name = Products;
			sourceTree = "<group>";
		};
		3871BB0E283F79ED00AD6BCC /* symple-todolist */ = {
			isa = PBXGroup;
			children = (
				38F26C5628C02FF000276853 /* Models */,
				38F26C5528C02FBD00276853 /* Controllers */,
				38F26C5328C02EF100276853 /* Views */,
				3871BB0F283F79ED00AD6BCC /* AppDelegate.swift */,
				3871BB11283F79ED00AD6BCC /* SceneDelegate.swift */,
				3871BB18283F79F100AD6BCC /* Assets.xcassets */,
				3871BB1A283F79F100AD6BCC /* LaunchScreen.storyboard */,
				3871BB1D283F79F100AD6BCC /* Info.plist */,
			);
			path = "symple-todolist";
			sourceTree = "<group>";
		};
		38AB601528C8384500BFD6B0 /* symple-todolistTests */ = {
			isa = PBXGroup;
			children = (
				38AB601628C8384500BFD6B0 /* SympleTodolistTests.swift */,
			);
			path = "symple-todolistTests";
			sourceTree = "<group>";
		};
		38F26C5328C02EF100276853 /* Views */ = {
			isa = PBXGroup;
			children = (
				38D0CF8028BD8EDA0030E78C /* FooterView.xib */,
				38D0CF8228BD900E0030E78C /* FooterView.swift */,
				38F26C5428C02F7A00276853 /* cells */,
			);
			path = Views;
			sourceTree = "<group>";
		};
		38F26C5428C02F7A00276853 /* cells */ = {
			isa = PBXGroup;
			children = (
				3802E8CC28B74E6C001C7205 /* ListCell.xib */,
				3802E8CD28B74E6C001C7205 /* ListCell.swift */,
			);
			path = cells;
			sourceTree = "<group>";
		};
		38F26C5528C02FBD00276853 /* Controllers */ = {
			isa = PBXGroup;
			children = (
				3802E8CA28B74DBE001C7205 /* FirstView.storyboard */,
				3871BB13283F79ED00AD6BCC /* FirstViewController.swift */,
			);
			path = Controllers;
			sourceTree = "<group>";
		};
		38F26C5628C02FF000276853 /* Models */ = {
			isa = PBXGroup;
			children = (
				3802E8CE28B74E6C001C7205 /* ItemList.swift */,
			);
			path = Models;
			sourceTree = "<group>";
		};
		C59A794A0AF2BD5D862AE314 /* Frameworks */ = {
			isa = PBXGroup;
			children = (
				2DB6DD1551177E1DCE775FD4 /* Pods_symple_todolist.framework */,
			);
			name = Frameworks;
			sourceTree = "<group>";
		};
/* End PBXGroup section */

/* Begin PBXNativeTarget section */
		3871BB0B283F79ED00AD6BCC /* symple-todolist */ = {
			isa = PBXNativeTarget;
			buildConfigurationList = 3871BB20283F79F100AD6BCC /* Build configuration list for PBXNativeTarget "symple-todolist" */;
			buildPhases = (
				70F2DB6F8B91E0FA3DACF5B5 /* [CP] Check Pods Manifest.lock */,
				38F26C7828C0661D00276853 /* ShellScript */,
				3871BB08283F79ED00AD6BCC /* Sources */,
				3871BB09283F79ED00AD6BCC /* Frameworks */,
				3871BB0A283F79ED00AD6BCC /* Resources */,
				E348B64A9480076D71B5D5AC /* [CP] Embed Pods Frameworks */,
			);
			buildRules = (
			);
			dependencies = (
			);
			name = "symple-todolist";
			productName = "symple-todolist";
			productReference = 3871BB0C283F79ED00AD6BCC /* symple-todolist.app */;
			productType = "com.apple.product-type.application";
		};
		38AB601328C8384500BFD6B0 /* symple-todolistTests */ = {
			isa = PBXNativeTarget;
			buildConfigurationList = 38AB601A28C8384500BFD6B0 /* Build configuration list for PBXNativeTarget "symple-todolistTests" */;
			buildPhases = (
				38AB601028C8384500BFD6B0 /* Sources */,
				38AB601128C8384500BFD6B0 /* Frameworks */,
				38AB601228C8384500BFD6B0 /* Resources */,
			);
			buildRules = (
			);
			dependencies = (
				38AB601928C8384500BFD6B0 /* PBXTargetDependency */,
			);
			name = "symple-todolistTests";
			productName = "symple-todolistTests";
			productReference = 38AB601428C8384500BFD6B0 /* symple-todolistTests.xctest */;
			productType = "com.apple.product-type.bundle.unit-test";
		};
/* End PBXNativeTarget section */

/* Begin PBXProject section */
		3871BB04283F79ED00AD6BCC /* Project object */ = {
			isa = PBXProject;
			attributes = {
				BuildIndependentTargetsInParallel = 1;
				LastSwiftUpdateCheck = 1340;
				LastUpgradeCheck = 1310;
				TargetAttributes = {
					3871BB0B283F79ED00AD6BCC = {
						CreatedOnToolsVersion = 13.1;
					};
					38AB601328C8384500BFD6B0 = {
						CreatedOnToolsVersion = 13.4.1;
						TestTargetID = 3871BB0B283F79ED00AD6BCC;
					};
				};
			};
			buildConfigurationList = 3871BB07283F79ED00AD6BCC /* Build configuration list for PBXProject "symple-todolist" */;
			compatibilityVersion = "Xcode 13.0";
			developmentRegion = en;
			hasScannedForEncodings = 0;
			knownRegions = (
				en,
				Base,
			);
			mainGroup = 3871BB03283F79ED00AD6BCC;
			productRefGroup = 3871BB0D283F79ED00AD6BCC /* Products */;
			projectDirPath = "";
			projectRoot = "";
			targets = (
				3871BB0B283F79ED00AD6BCC /* symple-todolist */,
				38AB601328C8384500BFD6B0 /* symple-todolistTests */,
			);
		};
/* End PBXProject section */

/* Begin PBXResourcesBuildPhase section */
		3871BB0A283F79ED00AD6BCC /* Resources */ = {
			isa = PBXResourcesBuildPhase;
			buildActionMask = 2147483647;
			files = (
				3871BB1C283F79F100AD6BCC /* LaunchScreen.storyboard in Resources */,
				3871BB19283F79F100AD6BCC /* Assets.xcassets in Resources */,
				3802E8CB28B74DBE001C7205 /* FirstView.storyboard in Resources */,
				38D0CF8128BD8EDA0030E78C /* FooterView.xib in Resources */,
				3802E8CF28B74E6C001C7205 /* ListCell.xib in Resources */,
			);
			runOnlyForDeploymentPostprocessing = 0;
		};
		38AB601228C8384500BFD6B0 /* Resources */ = {
			isa = PBXResourcesBuildPhase;
			buildActionMask = 2147483647;
			files = (
			);
			runOnlyForDeploymentPostprocessing = 0;
		};
/* End PBXResourcesBuildPhase section */

/* Begin PBXShellScriptBuildPhase section */
		38F26C7828C0661D00276853 /* ShellScript */ = {
			isa = PBXShellScriptBuildPhase;
			alwaysOutOfDate = 1;
			buildActionMask = 2147483647;
			files = (
			);
			inputFileListPaths = (
			);
			inputPaths = (
			);
			outputFileListPaths = (
			);
			outputPaths = (
				$SRCROOT/R.generated.swift,
			);
			runOnlyForDeploymentPostprocessing = 0;
			shellPath = /bin/sh;
			shellScript = "if which swiftlint >/dev/null; then\n  swiftlint\nelse\n  echo \"warning: SwiftLint not installed, download from https://github.com/realm/SwiftLint\"\nfi\n";
		};
		70F2DB6F8B91E0FA3DACF5B5 /* [CP] Check Pods Manifest.lock */ = {
			isa = PBXShellScriptBuildPhase;
			buildActionMask = 2147483647;
			files = (
			);
			inputFileListPaths = (
			);
			inputPaths = (
				"${PODS_PODFILE_DIR_PATH}/Podfile.lock",
				"${PODS_ROOT}/Manifest.lock",
			);
			name = "[CP] Check Pods Manifest.lock";
			outputFileListPaths = (
			);
			outputPaths = (
				"$(DERIVED_FILE_DIR)/Pods-symple-todolist-checkManifestLockResult.txt",
			);
			runOnlyForDeploymentPostprocessing = 0;
			shellPath = /bin/sh;
			shellScript = "diff \"${PODS_PODFILE_DIR_PATH}/Podfile.lock\" \"${PODS_ROOT}/Manifest.lock\" > /dev/null\nif [ $? != 0 ] ; then\n    # print error to STDERR\n    echo \"error: The sandbox is not in sync with the Podfile.lock. Run 'pod install' or update your CocoaPods installation.\" >&2\n    exit 1\nfi\n# This output is used by Xcode 'outputs' to avoid re-running this script phase.\necho \"SUCCESS\" > \"${SCRIPT_OUTPUT_FILE_0}\"\n";
			showEnvVarsInLog = 0;
		};
		E348B64A9480076D71B5D5AC /* [CP] Embed Pods Frameworks */ = {
			isa = PBXShellScriptBuildPhase;
			buildActionMask = 2147483647;
			files = (
			);
			inputFileListPaths = (
				"${PODS_ROOT}/Target Support Files/Pods-symple-todolist/Pods-symple-todolist-frameworks-${CONFIGURATION}-input-files.xcfilelist",
			);
			name = "[CP] Embed Pods Frameworks";
			outputFileListPaths = (
				"${PODS_ROOT}/Target Support Files/Pods-symple-todolist/Pods-symple-todolist-frameworks-${CONFIGURATION}-output-files.xcfilelist",
			);
			runOnlyForDeploymentPostprocessing = 0;
			shellPath = /bin/sh;
			shellScript = "\"${PODS_ROOT}/Target Support Files/Pods-symple-todolist/Pods-symple-todolist-frameworks.sh\"\n";
			showEnvVarsInLog = 0;
		};
/* End PBXShellScriptBuildPhase section */

/* Begin PBXSourcesBuildPhase section */
		3871BB08283F79ED00AD6BCC /* Sources */ = {
			isa = PBXSourcesBuildPhase;
			buildActionMask = 2147483647;
			files = (
				3871BB14283F79ED00AD6BCC /* FirstViewController.swift in Sources */,
				3802E8D128B74E6C001C7205 /* ItemList.swift in Sources */,
				3802E8D028B74E6C001C7205 /* ListCell.swift in Sources */,
				38D0CF8328BD900E0030E78C /* FooterView.swift in Sources */,
				3871BB10283F79ED00AD6BCC /* AppDelegate.swift in Sources */,
				3871BB12283F79ED00AD6BCC /* SceneDelegate.swift in Sources */,
			);
			runOnlyForDeploymentPostprocessing = 0;
		};
		38AB601028C8384500BFD6B0 /* Sources */ = {
			isa = PBXSourcesBuildPhase;
			buildActionMask = 2147483647;
			files = (
				38AB601728C8384500BFD6B0 /* SympleTodolistTests.swift in Sources */,
			);
			runOnlyForDeploymentPostprocessing = 0;
		};
/* End PBXSourcesBuildPhase section */

/* Begin PBXTargetDependency section */
		38AB601928C8384500BFD6B0 /* PBXTargetDependency */ = {
			isa = PBXTargetDependency;
			target = 3871BB0B283F79ED00AD6BCC /* symple-todolist */;
			targetProxy = 38AB601828C8384500BFD6B0 /* PBXContainerItemProxy */;
		};
/* End PBXTargetDependency section */

/* Begin PBXVariantGroup section */
		3871BB1A283F79F100AD6BCC /* LaunchScreen.storyboard */ = {
			isa = PBXVariantGroup;
			children = (
				3871BB1B283F79F100AD6BCC /* Base */,
			);
			name = LaunchScreen.storyboard;
			sourceTree = "<group>";
		};
/* End PBXVariantGroup section */

/* Begin XCBuildConfiguration section */
		3871BB1E283F79F100AD6BCC /* Debug */ = {
			isa = XCBuildConfiguration;
			buildSettings = {
				ALWAYS_SEARCH_USER_PATHS = NO;
				CLANG_ANALYZER_NONNULL = YES;
				CLANG_ANALYZER_NUMBER_OBJECT_CONVERSION = YES_AGGRESSIVE;
				CLANG_CXX_LANGUAGE_STANDARD = "gnu++17";
				CLANG_CXX_LIBRARY = "libc++";
				CLANG_ENABLE_MODULES = YES;
				CLANG_ENABLE_OBJC_ARC = YES;
				CLANG_ENABLE_OBJC_WEAK = YES;
				CLANG_WARN_BLOCK_CAPTURE_AUTORELEASING = YES;
				CLANG_WARN_BOOL_CONVERSION = YES;
				CLANG_WARN_COMMA = YES;
				CLANG_WARN_CONSTANT_CONVERSION = YES;
				CLANG_WARN_DEPRECATED_OBJC_IMPLEMENTATIONS = YES;
				CLANG_WARN_DIRECT_OBJC_ISA_USAGE = YES_ERROR;
				CLANG_WARN_DOCUMENTATION_COMMENTS = YES;
				CLANG_WARN_EMPTY_BODY = YES;
				CLANG_WARN_ENUM_CONVERSION = YES;
				CLANG_WARN_INFINITE_RECURSION = YES;
				CLANG_WARN_INT_CONVERSION = YES;
				CLANG_WARN_NON_LITERAL_NULL_CONVERSION = YES;
				CLANG_WARN_OBJC_IMPLICIT_RETAIN_SELF = YES;
				CLANG_WARN_OBJC_LITERAL_CONVERSION = YES;
				CLANG_WARN_OBJC_ROOT_CLASS = YES_ERROR;
				CLANG_WARN_QUOTED_INCLUDE_IN_FRAMEWORK_HEADER = YES;
				CLANG_WARN_RANGE_LOOP_ANALYSIS = YES;
				CLANG_WARN_STRICT_PROTOTYPES = YES;
				CLANG_WARN_SUSPICIOUS_MOVE = YES;
				CLANG_WARN_UNGUARDED_AVAILABILITY = YES_AGGRESSIVE;
				CLANG_WARN_UNREACHABLE_CODE = YES;
				CLANG_WARN__DUPLICATE_METHOD_MATCH = YES;
				COPY_PHASE_STRIP = NO;
				DEBUG_INFORMATION_FORMAT = dwarf;
				ENABLE_STRICT_OBJC_MSGSEND = YES;
				ENABLE_TESTABILITY = YES;
				GCC_C_LANGUAGE_STANDARD = gnu11;
				GCC_DYNAMIC_NO_PIC = NO;
				GCC_NO_COMMON_BLOCKS = YES;
				GCC_OPTIMIZATION_LEVEL = 0;
				GCC_PREPROCESSOR_DEFINITIONS = (
					"DEBUG=1",
					"$(inherited)",
				);
				GCC_WARN_64_TO_32_BIT_CONVERSION = YES;
				GCC_WARN_ABOUT_RETURN_TYPE = YES_ERROR;
				GCC_WARN_UNDECLARED_SELECTOR = YES;
				GCC_WARN_UNINITIALIZED_AUTOS = YES_AGGRESSIVE;
				GCC_WARN_UNUSED_FUNCTION = YES;
				GCC_WARN_UNUSED_VARIABLE = YES;
				IPHONEOS_DEPLOYMENT_TARGET = 15.0;
				MTL_ENABLE_DEBUG_INFO = INCLUDE_SOURCE;
				MTL_FAST_MATH = YES;
				ONLY_ACTIVE_ARCH = YES;
				SDKROOT = iphoneos;
				SWIFT_ACTIVE_COMPILATION_CONDITIONS = DEBUG;
				SWIFT_OPTIMIZATION_LEVEL = "-Onone";
			};
			name = Debug;
		};
		3871BB1F283F79F100AD6BCC /* Release */ = {
			isa = XCBuildConfiguration;
			buildSettings = {
				ALWAYS_SEARCH_USER_PATHS = NO;
				CLANG_ANALYZER_NONNULL = YES;
				CLANG_ANALYZER_NUMBER_OBJECT_CONVERSION = YES_AGGRESSIVE;
				CLANG_CXX_LANGUAGE_STANDARD = "gnu++17";
				CLANG_CXX_LIBRARY = "libc++";
				CLANG_ENABLE_MODULES = YES;
				CLANG_ENABLE_OBJC_ARC = YES;
				CLANG_ENABLE_OBJC_WEAK = YES;
				CLANG_WARN_BLOCK_CAPTURE_AUTORELEASING = YES;
				CLANG_WARN_BOOL_CONVERSION = YES;
				CLANG_WARN_COMMA = YES;
				CLANG_WARN_CONSTANT_CONVERSION = YES;
				CLANG_WARN_DEPRECATED_OBJC_IMPLEMENTATIONS = YES;
				CLANG_WARN_DIRECT_OBJC_ISA_USAGE = YES_ERROR;
				CLANG_WARN_DOCUMENTATION_COMMENTS = YES;
				CLANG_WARN_EMPTY_BODY = YES;
				CLANG_WARN_ENUM_CONVERSION = YES;
				CLANG_WARN_INFINITE_RECURSION = YES;
				CLANG_WARN_INT_CONVERSION = YES;
				CLANG_WARN_NON_LITERAL_NULL_CONVERSION = YES;
				CLANG_WARN_OBJC_IMPLICIT_RETAIN_SELF = YES;
				CLANG_WARN_OBJC_LITERAL_CONVERSION = YES;
				CLANG_WARN_OBJC_ROOT_CLASS = YES_ERROR;
				CLANG_WARN_QUOTED_INCLUDE_IN_FRAMEWORK_HEADER = YES;
				CLANG_WARN_RANGE_LOOP_ANALYSIS = YES;
				CLANG_WARN_STRICT_PROTOTYPES = YES;
				CLANG_WARN_SUSPICIOUS_MOVE = YES;
				CLANG_WARN_UNGUARDED_AVAILABILITY = YES_AGGRESSIVE;
				CLANG_WARN_UNREACHABLE_CODE = YES;
				CLANG_WARN__DUPLICATE_METHOD_MATCH = YES;
				COPY_PHASE_STRIP = NO;
				DEBUG_INFORMATION_FORMAT = "dwarf-with-dsym";
				ENABLE_NS_ASSERTIONS = NO;
				ENABLE_STRICT_OBJC_MSGSEND = YES;
				GCC_C_LANGUAGE_STANDARD = gnu11;
				GCC_NO_COMMON_BLOCKS = YES;
				GCC_WARN_64_TO_32_BIT_CONVERSION = YES;
				GCC_WARN_ABOUT_RETURN_TYPE = YES_ERROR;
				GCC_WARN_UNDECLARED_SELECTOR = YES;
				GCC_WARN_UNINITIALIZED_AUTOS = YES_AGGRESSIVE;
				GCC_WARN_UNUSED_FUNCTION = YES;
				GCC_WARN_UNUSED_VARIABLE = YES;
				IPHONEOS_DEPLOYMENT_TARGET = 15.0;
				MTL_ENABLE_DEBUG_INFO = NO;
				MTL_FAST_MATH = YES;
				SDKROOT = iphoneos;
				SWIFT_COMPILATION_MODE = wholemodule;
				SWIFT_OPTIMIZATION_LEVEL = "-O";
				VALIDATE_PRODUCT = YES;
			};
			name = Release;
		};
		3871BB21283F79F100AD6BCC /* Debug */ = {
			isa = XCBuildConfiguration;
			baseConfigurationReference = 0D484710FDDB3BCA3E1FEAF6 /* Pods-symple-todolist.debug.xcconfig */;
			buildSettings = {
				ASSETCATALOG_COMPILER_APPICON_NAME = AppIcon;
				ASSETCATALOG_COMPILER_GLOBAL_ACCENT_COLOR_NAME = AccentColor;
				CODE_SIGN_STYLE = Automatic;
				CURRENT_PROJECT_VERSION = 1;
				GENERATE_INFOPLIST_FILE = YES;
				INFOPLIST_FILE = "symple-todolist/Info.plist";
				INFOPLIST_KEY_UIApplicationSupportsIndirectInputEvents = YES;
				INFOPLIST_KEY_UILaunchStoryboardName = LaunchScreen;
				INFOPLIST_KEY_UISupportedInterfaceOrientations_iPad = "UIInterfaceOrientationPortrait UIInterfaceOrientationPortraitUpsideDown UIInterfaceOrientationLandscapeLeft UIInterfaceOrientationLandscapeRight";
				INFOPLIST_KEY_UISupportedInterfaceOrientations_iPhone = "UIInterfaceOrientationPortrait UIInterfaceOrientationLandscapeLeft UIInterfaceOrientationLandscapeRight";
				LD_RUNPATH_SEARCH_PATHS = (
					"$(inherited)",
					"@executable_path/Frameworks",
				);
				MARKETING_VERSION = 1.0;
				PRODUCT_BUNDLE_IDENTIFIER = "yokoyama.app.todolist.symple-todolist";
				PRODUCT_NAME = "$(TARGET_NAME)";
				SWIFT_EMIT_LOC_STRINGS = YES;
				SWIFT_VERSION = 5.0;
				TARGETED_DEVICE_FAMILY = "1,2";
			};
			name = Debug;
		};
		3871BB22283F79F100AD6BCC /* Release */ = {
			isa = XCBuildConfiguration;
			baseConfigurationReference = 7B525E7FB0D2F7076E839FCA /* Pods-symple-todolist.release.xcconfig */;
			buildSettings = {
				ASSETCATALOG_COMPILER_APPICON_NAME = AppIcon;
				ASSETCATALOG_COMPILER_GLOBAL_ACCENT_COLOR_NAME = AccentColor;
				CODE_SIGN_STYLE = Automatic;
				CURRENT_PROJECT_VERSION = 1;
				GENERATE_INFOPLIST_FILE = YES;
				INFOPLIST_FILE = "symple-todolist/Info.plist";
				INFOPLIST_KEY_UIApplicationSupportsIndirectInputEvents = YES;
				INFOPLIST_KEY_UILaunchStoryboardName = LaunchScreen;
				INFOPLIST_KEY_UISupportedInterfaceOrientations_iPad = "UIInterfaceOrientationPortrait UIInterfaceOrientationPortraitUpsideDown UIInterfaceOrientationLandscapeLeft UIInterfaceOrientationLandscapeRight";
				INFOPLIST_KEY_UISupportedInterfaceOrientations_iPhone = "UIInterfaceOrientationPortrait UIInterfaceOrientationLandscapeLeft UIInterfaceOrientationLandscapeRight";
				LD_RUNPATH_SEARCH_PATHS = (
					"$(inherited)",
					"@executable_path/Frameworks",
				);
				MARKETING_VERSION = 1.0;
				PRODUCT_BUNDLE_IDENTIFIER = "yokoyama.app.todolist.symple-todolist";
				PRODUCT_NAME = "$(TARGET_NAME)";
				SWIFT_EMIT_LOC_STRINGS = YES;
				SWIFT_VERSION = 5.0;
				TARGETED_DEVICE_FAMILY = "1,2";
			};
			name = Release;
		};
		38AB601B28C8384500BFD6B0 /* Debug */ = {
			isa = XCBuildConfiguration;
			buildSettings = {
				BUNDLE_LOADER = "$(TEST_HOST)";
				CODE_SIGN_STYLE = Automatic;
				CURRENT_PROJECT_VERSION = 1;
				GENERATE_INFOPLIST_FILE = YES;
				IPHONEOS_DEPLOYMENT_TARGET = 15.5;
				MARKETING_VERSION = 1.0;
				PRODUCT_BUNDLE_IDENTIFIER = "yokoyama.app.symple-todolistTests";
				PRODUCT_NAME = "$(TARGET_NAME)";
				SWIFT_EMIT_LOC_STRINGS = NO;
				SWIFT_VERSION = 5.0;
				TARGETED_DEVICE_FAMILY = "1,2";
				TEST_HOST = "$(BUILT_PRODUCTS_DIR)/symple-todolist.app/symple-todolist";
			};
			name = Debug;
		};
		38AB601C28C8384500BFD6B0 /* Release */ = {
			isa = XCBuildConfiguration;
			buildSettings = {
				BUNDLE_LOADER = "$(TEST_HOST)";
				CODE_SIGN_STYLE = Automatic;
				CURRENT_PROJECT_VERSION = 1;
				GENERATE_INFOPLIST_FILE = YES;
				IPHONEOS_DEPLOYMENT_TARGET = 15.5;
				MARKETING_VERSION = 1.0;
				PRODUCT_BUNDLE_IDENTIFIER = "yokoyama.app.symple-todolistTests";
				PRODUCT_NAME = "$(TARGET_NAME)";
				SWIFT_EMIT_LOC_STRINGS = NO;
				SWIFT_VERSION = 5.0;
				TARGETED_DEVICE_FAMILY = "1,2";
				TEST_HOST = "$(BUILT_PRODUCTS_DIR)/symple-todolist.app/symple-todolist";
			};
			name = Release;
		};
/* End XCBuildConfiguration section */

/* Begin XCConfigurationList section */
		3871BB07283F79ED00AD6BCC /* Build configuration list for PBXProject "symple-todolist" */ = {
			isa = XCConfigurationList;
			buildConfigurations = (
				3871BB1E283F79F100AD6BCC /* Debug */,
				3871BB1F283F79F100AD6BCC /* Release */,
			);
			defaultConfigurationIsVisible = 0;
			defaultConfigurationName = Release;
		};
		3871BB20283F79F100AD6BCC /* Build configuration list for PBXNativeTarget "symple-todolist" */ = {
			isa = XCConfigurationList;
			buildConfigurations = (
				3871BB21283F79F100AD6BCC /* Debug */,
				3871BB22283F79F100AD6BCC /* Release */,
			);
			defaultConfigurationIsVisible = 0;
			defaultConfigurationName = Release;
		};
		38AB601A28C8384500BFD6B0 /* Build configuration list for PBXNativeTarget "symple-todolistTests" */ = {
			isa = XCConfigurationList;
			buildConfigurations = (
				38AB601B28C8384500BFD6B0 /* Debug */,
				38AB601C28C8384500BFD6B0 /* Release */,
			);
			defaultConfigurationIsVisible = 0;
			defaultConfigurationName = Release;
		};
/* End XCConfigurationList section */
	};
	rootObject = 3871BB04283F79ED00AD6BCC /* Project object */;
}
